
Microsoft Visual Studio Solution File, Format Version 12.00
# Visual Studio Version 17
VisualStudioVersion = 17.9.34607.119
MinimumVisualStudioVersion = 10.0.40219.1
Project("{9A19103F-16F7-4668-BE54-9A1E7A4F7556}") = "Learning_Platform", "Learning_Platform.csproj", "{E49A7B82-54A4-4A84-BB48-6F0951AB5561}"
EndProject
Project("{FAE04EC0-301F-11D3-BF4B-00C04F79EFBC}") = "Models", "..\Models\Models.csproj", "{EADAFF84-49E6-44F4-870C-2A8A4E026C04}"
EndProject
Project("{FAE04EC0-301F-11D3-BF4B-00C04F79EFBC}") = "Repositories", "..\Repositories\Repositories.csproj", "{3A707C7C-DC39-41E7-A372-C72E730964E7}"
EndProject
Global
	GlobalSection(SolutionConfigurationPlatforms) = preSolution
		Debug|Any CPU = Debug|Any CPU
		Release|Any CPU = Release|Any CPU
	EndGlobalSection
	GlobalSection(ProjectConfigurationPlatforms) = postSolution
		{E49A7B82-54A4-4A84-BB48-6F0951AB5561}.Debug|Any CPU.ActiveCfg = Debug|Any CPU
		{E49A7B82-54A4-4A84-BB48-6F0951AB5561}.Debug|Any CPU.Build.0 = Debug|Any CPU
		{E49A7B82-54A4-4A84-BB48-6F0951AB5561}.Release|Any CPU.ActiveCfg = Release|Any CPU
		{E49A7B82-54A4-4A84-BB48-6F0951AB5561}.Release|Any CPU.Build.0 = Release|Any CPU
		{EADAFF84-49E6-44F4-870C-2A8A4E026C04}.Debug|Any CPU.ActiveCfg = Debug|Any CPU
		{EADAFF84-49E6-44F4-870C-2A8A4E026C04}.Debug|Any CPU.Build.0 = Debug|Any CPU
		{EADAFF84-49E6-44F4-870C-2A8A4E026C04}.Release|Any CPU.ActiveCfg = Release|Any CPU
		{EADAFF84-49E6-44F4-870C-2A8A4E026C04}.Release|Any CPU.Build.0 = Release|Any CPU
		{3A707C7C-DC39-41E7-A372-C72E730964E7}.Debug|Any CPU.ActiveCfg = Debug|Any CPU
		{3A707C7C-DC39-41E7-A372-C72E730964E7}.Debug|Any CPU.Build.0 = Debug|Any CPU
		{3A707C7C-DC39-41E7-A372-C72E730964E7}.Release|Any CPU.ActiveCfg = Release|Any CPU
		{3A707C7C-DC39-41E7-A372-C72E730964E7}.Release|Any CPU.Build.0 = Release|Any CPU
	EndGlobalSection
	GlobalSection(SolutionProperties) = preSolution
		HideSolutionNode = FALSE
	EndGlobalSection
	GlobalSection(ExtensibilityGlobals) = postSolution
		SolutionGuid = {582BB85A-4658-4A6E-817A-1568DE15EDE2}
	EndGlobalSection
EndGlobal
